{
  "name": "@random-tables/factions",
  "version": "1.0.1",
  "lockfileVersion": 2,
  "requires": true,
  "packages": {
    "": {
      "name": "@random-tables/factions",
      "version": "1.0.1",
      "license": "MIT",
      "dependencies": {
        "@random-tables/utility-factions": "^1.0.0",
        "@random-tables/utility-npc-fantasy": "^1.3.1"
      }
    },
    "node_modules/@random-tables/utility-factions": {
      "version": "1.0.0",
      "resolved": "https://registry.npmjs.org/@random-tables/utility-factions/-/utility-factions-1.0.0.tgz",
      "integrity": "sha512-Asn8DOJssXgo4SvsS8iEVsYq9JRyImUDVR98Bp5U7W8sqIWkh1FymsS/5+fDDX3vXncPz2dkOctgnOT7r6yEig==",
      "dependencies": {
        "@random-tables/utility-senses": "^1.10.3"
      }
    },
    "node_modules/@random-tables/utility-npc-fantasy": {
      "version": "1.3.1",
      "resolved": "https://registry.npmjs.org/@random-tables/utility-npc-fantasy/-/utility-npc-fantasy-1.3.1.tgz",
      "integrity": "sha512-6xbCybX2HcVjNU/DOKnBvRsJd9EWzVzkJu0NBhYZwdZVAGd+smhZ0Hrv/O1ZtoUyXpxXxivOT671fD/Odog6WA=="
    },
    "node_modules/@random-tables/utility-senses": {
      "version": "1.10.3",
      "resolved": "https://registry.npmjs.org/@random-tables/utility-senses/-/utility-senses-1.10.3.tgz",
      "integrity": "sha512-QHmB49bhQN43YzwTBGrUCgExmmUrWGEG0OIOwoZuEZYKkeKEGnlbIPYWAoO4BT4iwcPG1XAtiDJRjqFoEpjC6w=="
    }
  },
  "dependencies": {
    "@random-tables/utility-factions": {
      "version": "1.0.0",
      "resolved": "https://registry.npmjs.org/@random-tables/utility-factions/-/utility-factions-1.0.0.tgz",
      "integrity": "sha512-Asn8DOJssXgo4SvsS8iEVsYq9JRyImUDVR98Bp5U7W8sqIWkh1FymsS/5+fDDX3vXncPz2dkOctgnOT7r6yEig==",
      "requires": {
        "@random-tables/utility-senses": "^1.10.3"
      }
    },
    "@random-tables/utility-npc-fantasy": {
      "version": "1.3.1",
      "resolved": "https://registry.npmjs.org/@random-tables/utility-npc-fantasy/-/utility-npc-fantasy-1.3.1.tgz",
      "integrity": "sha512-6xbCybX2HcVjNU/DOKnBvRsJd9EWzVzkJu0NBhYZwdZVAGd+smhZ0Hrv/O1ZtoUyXpxXxivOT671fD/Odog6WA=="
    },
    "@random-tables/utility-senses": {
      "version": "1.10.3",
      "resolved": "https://registry.npmjs.org/@random-tables/utility-senses/-/utility-senses-1.10.3.tgz",
      "integrity": "sha512-QHmB49bhQN43YzwTBGrUCgExmmUrWGEG0OIOwoZuEZYKkeKEGnlbIPYWAoO4BT4iwcPG1XAtiDJRjqFoEpjC6w=="
    }
  }
}
